
Microsoft Visual Studio Solution File, Format Version 12.00
# Visual Studio Version 16
VisualStudioVersion = 16.0.30804.86
MinimumVisualStudioVersion = 10.0.40219.1
Project("{FAE04EC0-301F-11D3-BF4B-00C04F79EFBC}") = "Day01", "Day01\Day01.csproj", "{5D923354-4378-4F48-80EF-54E24191E22D}"
EndProject
Global
	GlobalSection(SolutionConfigurationPlatforms) = preSolution
		Debug|Any CPU = Debug|Any CPU
		Release|Any CPU = Release|Any CPU
	EndGlobalSection
	GlobalSection(ProjectConfigurationPlatforms) = postSolution
		{5D923354-4378-4F48-80EF-54E24191E22D}.Debug|Any CPU.ActiveCfg = Debug|Any CPU
		{5D923354-4378-4F48-80EF-54E24191E22D}.Debug|Any CPU.Build.0 = Debug|Any CPU
		{5D923354-4378-4F48-80EF-54E24191E22D}.Release|Any CPU.ActiveCfg = Release|Any CPU
		{5D923354-4378-4F48-80EF-54E24191E22D}.Release|Any CPU.Build.0 = Release|Any CPU
	EndGlobalSection
	GlobalSection(SolutionProperties) = preSolution
		HideSolutionNode = FALSE
	EndGlobalSection
	GlobalSection(ExtensibilityGlobals) = postSolution
		SolutionGuid = {7287A27F-58B5-474A-9057-A02DC45C8B26}
	EndGlobalSection
EndGlobal
