
Microsoft Visual Studio Solution File, Format Version 12.00
# Visual Studio Version 17
VisualStudioVersion = 17.8.34309.116
MinimumVisualStudioVersion = 10.0.40219.1
Project("{9A19103F-16F7-4668-BE54-9A1E7A4F7556}") = "Day01", "Day01\Day01.csproj", "{4D77E4B2-2387-4DDD-8E07-66FE4E8A1D81}"
EndProject
Project("{9A19103F-16F7-4668-BE54-9A1E7A4F7556}") = "Day02", "Day02\Day02.csproj", "{A771AD35-0E77-4E47-8B0E-FFF7D8DA8D8D}"
EndProject
Project("{9A19103F-16F7-4668-BE54-9A1E7A4F7556}") = "Day03", "Day03\Day03.csproj", "{44150C1D-0F6B-4634-B079-459EFE586207}"
EndProject
Project("{FAE04EC0-301F-11D3-BF4B-00C04F79EFBC}") = "Day04", "Day04\Day04.csproj", "{05ABD42C-05D1-41ED-AB85-8F16884EF029}"
EndProject
Global
	GlobalSection(SolutionConfigurationPlatforms) = preSolution
		Debug|Any CPU = Debug|Any CPU
		Release|Any CPU = Release|Any CPU
	EndGlobalSection
	GlobalSection(ProjectConfigurationPlatforms) = postSolution
		{4D77E4B2-2387-4DDD-8E07-66FE4E8A1D81}.Debug|Any CPU.ActiveCfg = Debug|Any CPU
		{4D77E4B2-2387-4DDD-8E07-66FE4E8A1D81}.Debug|Any CPU.Build.0 = Debug|Any CPU
		{4D77E4B2-2387-4DDD-8E07-66FE4E8A1D81}.Release|Any CPU.ActiveCfg = Release|Any CPU
		{4D77E4B2-2387-4DDD-8E07-66FE4E8A1D81}.Release|Any CPU.Build.0 = Release|Any CPU
		{A771AD35-0E77-4E47-8B0E-FFF7D8DA8D8D}.Debug|Any CPU.ActiveCfg = Debug|Any CPU
		{A771AD35-0E77-4E47-8B0E-FFF7D8DA8D8D}.Debug|Any CPU.Build.0 = Debug|Any CPU
		{A771AD35-0E77-4E47-8B0E-FFF7D8DA8D8D}.Release|Any CPU.ActiveCfg = Release|Any CPU
		{A771AD35-0E77-4E47-8B0E-FFF7D8DA8D8D}.Release|Any CPU.Build.0 = Release|Any CPU
		{44150C1D-0F6B-4634-B079-459EFE586207}.Debug|Any CPU.ActiveCfg = Debug|Any CPU
		{44150C1D-0F6B-4634-B079-459EFE586207}.Debug|Any CPU.Build.0 = Debug|Any CPU
		{44150C1D-0F6B-4634-B079-459EFE586207}.Release|Any CPU.ActiveCfg = Release|Any CPU
		{44150C1D-0F6B-4634-B079-459EFE586207}.Release|Any CPU.Build.0 = Release|Any CPU
		{05ABD42C-05D1-41ED-AB85-8F16884EF029}.Debug|Any CPU.ActiveCfg = Debug|Any CPU
		{05ABD42C-05D1-41ED-AB85-8F16884EF029}.Debug|Any CPU.Build.0 = Debug|Any CPU
		{05ABD42C-05D1-41ED-AB85-8F16884EF029}.Release|Any CPU.ActiveCfg = Release|Any CPU
		{05ABD42C-05D1-41ED-AB85-8F16884EF029}.Release|Any CPU.Build.0 = Release|Any CPU
	EndGlobalSection
	GlobalSection(SolutionProperties) = preSolution
		HideSolutionNode = FALSE
	EndGlobalSection
	GlobalSection(ExtensibilityGlobals) = postSolution
		SolutionGuid = {853909A3-FAA4-4922-9CA8-A0C8EEB10DD3}
	EndGlobalSection
EndGlobal
