
Microsoft Visual Studio Solution File, Format Version 12.00
# Visual Studio Version 17
VisualStudioVersion = 17.8.34309.116
MinimumVisualStudioVersion = 10.0.40219.1
Project("{9A19103F-16F7-4668-BE54-9A1E7A4F7556}") = "Day01", "Day01\Day01.csproj", "{4D77E4B2-2387-4DDD-8E07-66FE4E8A1D81}"
EndProject
Project("{9A19103F-16F7-4668-BE54-9A1E7A4F7556}") = "Day02", "Day02\Day02.csproj", "{A771AD35-0E77-4E47-8B0E-FFF7D8DA8D8D}"
EndProject
Project("{9A19103F-16F7-4668-BE54-9A1E7A4F7556}") = "Day03", "Day03\Day03.csproj", "{44150C1D-0F6B-4634-B079-459EFE586207}"
EndProject
Project("{9A19103F-16F7-4668-BE54-9A1E7A4F7556}") = "Day04", "Day04\Day04.csproj", "{05ABD42C-05D1-41ED-AB85-8F16884EF029}"
EndProject
Project("{9A19103F-16F7-4668-BE54-9A1E7A4F7556}") = "Day05", "Day05\Day05.csproj", "{60842938-9DCC-42C6-9880-92D12ACC893B}"
EndProject
Project("{9A19103F-16F7-4668-BE54-9A1E7A4F7556}") = "Day06", "Day06\Day06.csproj", "{EA4CA921-3035-4BB6-9DDE-4EF8FF2DF305}"
EndProject
Project("{9A19103F-16F7-4668-BE54-9A1E7A4F7556}") = "Day07", "Day07\Day07.csproj", "{E639FAED-AA3D-4BD3-A2B0-700AF183EAB9}"
EndProject
Project("{9A19103F-16F7-4668-BE54-9A1E7A4F7556}") = "Day08", "Day08\Day08.csproj", "{A820D68D-D721-4D92-BFAA-02260C7B235B}"
EndProject
Project("{9A19103F-16F7-4668-BE54-9A1E7A4F7556}") = "Day09", "Day09\Day09.csproj", "{83343E9E-91D1-4E45-9422-3237DC80D6B3}"
EndProject
Project("{9A19103F-16F7-4668-BE54-9A1E7A4F7556}") = "Day10", "Day10\Day10.csproj", "{F148FCD8-67F0-405F-9F08-3E6B36F6AEB3}"
EndProject
Project("{9A19103F-16F7-4668-BE54-9A1E7A4F7556}") = "Day11", "Day11\Day11.csproj", "{3FAF4A71-E490-4F11-8FA7-E3577D3475D2}"
EndProject
Project("{9A19103F-16F7-4668-BE54-9A1E7A4F7556}") = "Day12", "Day12\Day12.csproj", "{2D1F19E5-6DA4-480B-9082-512F5AC8B398}"
EndProject
Project("{FAE04EC0-301F-11D3-BF4B-00C04F79EFBC}") = "Day13", "Day13\Day13.csproj", "{F380C547-FB35-4ABF-A12D-48372D4CE9E4}"
EndProject
Global
	GlobalSection(SolutionConfigurationPlatforms) = preSolution
		Debug|Any CPU = Debug|Any CPU
		Release|Any CPU = Release|Any CPU
	EndGlobalSection
	GlobalSection(ProjectConfigurationPlatforms) = postSolution
		{4D77E4B2-2387-4DDD-8E07-66FE4E8A1D81}.Debug|Any CPU.ActiveCfg = Debug|Any CPU
		{4D77E4B2-2387-4DDD-8E07-66FE4E8A1D81}.Debug|Any CPU.Build.0 = Debug|Any CPU
		{4D77E4B2-2387-4DDD-8E07-66FE4E8A1D81}.Release|Any CPU.ActiveCfg = Release|Any CPU
		{4D77E4B2-2387-4DDD-8E07-66FE4E8A1D81}.Release|Any CPU.Build.0 = Release|Any CPU
		{A771AD35-0E77-4E47-8B0E-FFF7D8DA8D8D}.Debug|Any CPU.ActiveCfg = Debug|Any CPU
		{A771AD35-0E77-4E47-8B0E-FFF7D8DA8D8D}.Debug|Any CPU.Build.0 = Debug|Any CPU
		{A771AD35-0E77-4E47-8B0E-FFF7D8DA8D8D}.Release|Any CPU.ActiveCfg = Release|Any CPU
		{A771AD35-0E77-4E47-8B0E-FFF7D8DA8D8D}.Release|Any CPU.Build.0 = Release|Any CPU
		{44150C1D-0F6B-4634-B079-459EFE586207}.Debug|Any CPU.ActiveCfg = Debug|Any CPU
		{44150C1D-0F6B-4634-B079-459EFE586207}.Debug|Any CPU.Build.0 = Debug|Any CPU
		{44150C1D-0F6B-4634-B079-459EFE586207}.Release|Any CPU.ActiveCfg = Release|Any CPU
		{44150C1D-0F6B-4634-B079-459EFE586207}.Release|Any CPU.Build.0 = Release|Any CPU
		{05ABD42C-05D1-41ED-AB85-8F16884EF029}.Debug|Any CPU.ActiveCfg = Debug|Any CPU
		{05ABD42C-05D1-41ED-AB85-8F16884EF029}.Debug|Any CPU.Build.0 = Debug|Any CPU
		{05ABD42C-05D1-41ED-AB85-8F16884EF029}.Release|Any CPU.ActiveCfg = Release|Any CPU
		{05ABD42C-05D1-41ED-AB85-8F16884EF029}.Release|Any CPU.Build.0 = Release|Any CPU
		{60842938-9DCC-42C6-9880-92D12ACC893B}.Debug|Any CPU.ActiveCfg = Debug|Any CPU
		{60842938-9DCC-42C6-9880-92D12ACC893B}.Debug|Any CPU.Build.0 = Debug|Any CPU
		{60842938-9DCC-42C6-9880-92D12ACC893B}.Release|Any CPU.ActiveCfg = Release|Any CPU
		{60842938-9DCC-42C6-9880-92D12ACC893B}.Release|Any CPU.Build.0 = Release|Any CPU
		{EA4CA921-3035-4BB6-9DDE-4EF8FF2DF305}.Debug|Any CPU.ActiveCfg = Debug|Any CPU
		{EA4CA921-3035-4BB6-9DDE-4EF8FF2DF305}.Debug|Any CPU.Build.0 = Debug|Any CPU
		{EA4CA921-3035-4BB6-9DDE-4EF8FF2DF305}.Release|Any CPU.ActiveCfg = Release|Any CPU
		{EA4CA921-3035-4BB6-9DDE-4EF8FF2DF305}.Release|Any CPU.Build.0 = Release|Any CPU
		{E639FAED-AA3D-4BD3-A2B0-700AF183EAB9}.Debug|Any CPU.ActiveCfg = Debug|Any CPU
		{E639FAED-AA3D-4BD3-A2B0-700AF183EAB9}.Debug|Any CPU.Build.0 = Debug|Any CPU
		{E639FAED-AA3D-4BD3-A2B0-700AF183EAB9}.Release|Any CPU.ActiveCfg = Release|Any CPU
		{E639FAED-AA3D-4BD3-A2B0-700AF183EAB9}.Release|Any CPU.Build.0 = Release|Any CPU
		{A820D68D-D721-4D92-BFAA-02260C7B235B}.Debug|Any CPU.ActiveCfg = Debug|Any CPU
		{A820D68D-D721-4D92-BFAA-02260C7B235B}.Debug|Any CPU.Build.0 = Debug|Any CPU
		{A820D68D-D721-4D92-BFAA-02260C7B235B}.Release|Any CPU.ActiveCfg = Release|Any CPU
		{A820D68D-D721-4D92-BFAA-02260C7B235B}.Release|Any CPU.Build.0 = Release|Any CPU
		{83343E9E-91D1-4E45-9422-3237DC80D6B3}.Debug|Any CPU.ActiveCfg = Debug|Any CPU
		{83343E9E-91D1-4E45-9422-3237DC80D6B3}.Debug|Any CPU.Build.0 = Debug|Any CPU
		{83343E9E-91D1-4E45-9422-3237DC80D6B3}.Release|Any CPU.ActiveCfg = Release|Any CPU
		{83343E9E-91D1-4E45-9422-3237DC80D6B3}.Release|Any CPU.Build.0 = Release|Any CPU
		{F148FCD8-67F0-405F-9F08-3E6B36F6AEB3}.Debug|Any CPU.ActiveCfg = Debug|Any CPU
		{F148FCD8-67F0-405F-9F08-3E6B36F6AEB3}.Debug|Any CPU.Build.0 = Debug|Any CPU
		{F148FCD8-67F0-405F-9F08-3E6B36F6AEB3}.Release|Any CPU.ActiveCfg = Release|Any CPU
		{F148FCD8-67F0-405F-9F08-3E6B36F6AEB3}.Release|Any CPU.Build.0 = Release|Any CPU
		{3FAF4A71-E490-4F11-8FA7-E3577D3475D2}.Debug|Any CPU.ActiveCfg = Debug|Any CPU
		{3FAF4A71-E490-4F11-8FA7-E3577D3475D2}.Debug|Any CPU.Build.0 = Debug|Any CPU
		{3FAF4A71-E490-4F11-8FA7-E3577D3475D2}.Release|Any CPU.ActiveCfg = Release|Any CPU
		{3FAF4A71-E490-4F11-8FA7-E3577D3475D2}.Release|Any CPU.Build.0 = Release|Any CPU
		{2D1F19E5-6DA4-480B-9082-512F5AC8B398}.Debug|Any CPU.ActiveCfg = Debug|Any CPU
		{2D1F19E5-6DA4-480B-9082-512F5AC8B398}.Debug|Any CPU.Build.0 = Debug|Any CPU
		{2D1F19E5-6DA4-480B-9082-512F5AC8B398}.Release|Any CPU.ActiveCfg = Release|Any CPU
		{2D1F19E5-6DA4-480B-9082-512F5AC8B398}.Release|Any CPU.Build.0 = Release|Any CPU
		{F380C547-FB35-4ABF-A12D-48372D4CE9E4}.Debug|Any CPU.ActiveCfg = Debug|Any CPU
		{F380C547-FB35-4ABF-A12D-48372D4CE9E4}.Debug|Any CPU.Build.0 = Debug|Any CPU
		{F380C547-FB35-4ABF-A12D-48372D4CE9E4}.Release|Any CPU.ActiveCfg = Release|Any CPU
		{F380C547-FB35-4ABF-A12D-48372D4CE9E4}.Release|Any CPU.Build.0 = Release|Any CPU
	EndGlobalSection
	GlobalSection(SolutionProperties) = preSolution
		HideSolutionNode = FALSE
	EndGlobalSection
	GlobalSection(ExtensibilityGlobals) = postSolution
		SolutionGuid = {853909A3-FAA4-4922-9CA8-A0C8EEB10DD3}
	EndGlobalSection
EndGlobal
